// !$*UTF8*$!
{
	archiveVersion = 1;
	classes = {
	};
	objectVersion = 50;
	objects = {

/* Begin PBXBuildFile section */
		41D5836223FF659400F50072 /* AppDelegate.swift in Sources */ = {isa = PBXBuildFile; fileRef = 41D5836123FF659400F50072 /* AppDelegate.swift */; };
		41D5836423FF659400F50072 /* SceneDelegate.swift in Sources */ = {isa = PBXBuildFile; fileRef = 41D5836323FF659400F50072 /* SceneDelegate.swift */; };
		41D5836623FF659400F50072 /* ViewController.swift in Sources */ = {isa = PBXBuildFile; fileRef = 41D5836523FF659400F50072 /* ViewController.swift */; };
		41D5836923FF659400F50072 /* Main.storyboard in Resources */ = {isa = PBXBuildFile; fileRef = 41D5836723FF659400F50072 /* Main.storyboard */; };
		41D5836B23FF659500F50072 /* Assets.xcassets in Resources */ = {isa = PBXBuildFile; fileRef = 41D5836A23FF659500F50072 /* Assets.xcassets */; };
		41D5836E23FF659500F50072 /* LaunchScreen.storyboard in Resources */ = {isa = PBXBuildFile; fileRef = 41D5836C23FF659500F50072 /* LaunchScreen.storyboard */; };
		41D5837923FF659500F50072 /* HipnosisTests.swift in Sources */ = {isa = PBXBuildFile; fileRef = 41D5837823FF659500F50072 /* HipnosisTests.swift */; };
		41D5838423FF659500F50072 /* HipnosisUITests.swift in Sources */ = {isa = PBXBuildFile; fileRef = 41D5838323FF659500F50072 /* HipnosisUITests.swift */; };
		41D5839223FF661A00F50072 /* HipnosisView.swift in Sources */ = {isa = PBXBuildFile; fileRef = 41D5839123FF661A00F50072 /* HipnosisView.swift */; };
/* End PBXBuildFile section */

/* Begin PBXContainerItemProxy section */
		41D5837523FF659500F50072 /* PBXContainerItemProxy */ = {
			isa = PBXContainerItemProxy;
			containerPortal = 41D5835623FF659400F50072 /* Project object */;
			proxyType = 1;
			remoteGlobalIDString = 41D5835D23FF659400F50072;
			remoteInfo = Hipnosis;
		};
		41D5838023FF659500F50072 /* PBXContainerItemProxy */ = {
			isa = PBXContainerItemProxy;
			containerPortal = 41D5835623FF659400F50072 /* Project object */;
			proxyType = 1;
			remoteGlobalIDString = 41D5835D23FF659400F50072;
			remoteInfo = Hipnosis;
		};
/* End PBXContainerItemProxy section */

/* Begin PBXFileReference section */
		41D5835E23FF659400F50072 /* Hipnosis.app */ = {isa = PBXFileReference; explicitFileType = wrapper.application; includeInIndex = 0; path = Hipnosis.app; sourceTree = BUILT_PRODUCTS_DIR; };
		41D5836123FF659400F50072 /* AppDelegate.swift */ = {isa = PBXFileReference; lastKnownFileType = sourcecode.swift; path = AppDelegate.swift; sourceTree = "<group>"; };
		41D5836323FF659400F50072 /* SceneDelegate.swift */ = {isa = PBXFileReference; lastKnownFileType = sourcecode.swift; path = SceneDelegate.swift; sourceTree = "<group>"; };
		41D5836523FF659400F50072 /* ViewController.swift */ = {isa = PBXFileReference; lastKnownFileType = sourcecode.swift; path = ViewController.swift; sourceTree = "<group>"; };
		41D5836823FF659400F50072 /* Base */ = {isa = PBXFileReference; lastKnownFileType = file.storyboard; name = Base; path = Base.lproj/Main.storyboard; sourceTree = "<group>"; };
		41D5836A23FF659500F50072 /* Assets.xcassets */ = {isa = PBXFileReference; lastKnownFileType = folder.assetcatalog; path = Assets.xcassets; sourceTree = "<group>"; };
		41D5836D23FF659500F50072 /* Base */ = {isa = PBXFileReference; lastKnownFileType = file.storyboard; name = Base; path = Base.lproj/LaunchScreen.storyboard; sourceTree = "<group>"; };
		41D5836F23FF659500F50072 /* Info.plist */ = {isa = PBXFileReference; lastKnownFileType = text.plist.xml; path = Info.plist; sourceTree = "<group>"; };
		41D5837423FF659500F50072 /* HipnosisTests.xctest */ = {isa = PBXFileReference; explicitFileType = wrapper.cfbundle; includeInIndex = 0; path = HipnosisTests.xctest; sourceTree = BUILT_PRODUCTS_DIR; };
		41D5837823FF659500F50072 /* HipnosisTests.swift */ = {isa = PBXFileReference; lastKnownFileType = sourcecode.swift; path = HipnosisTests.swift; sourceTree = "<group>"; };
		41D5837A23FF659500F50072 /* Info.plist */ = {isa = PBXFileReference; lastKnownFileType = text.plist.xml; path = Info.plist; sourceTree = "<group>"; };
		41D5837F23FF659500F50072 /* HipnosisUITests.xctest */ = {isa = PBXFileReference; explicitFileType = wrapper.cfbundle; includeInIndex = 0; path = HipnosisUITests.xctest; sourceTree = BUILT_PRODUCTS_DIR; };
		41D5838323FF659500F50072 /* HipnosisUITests.swift */ = {isa = PBXFileReference; lastKnownFileType = sourcecode.swift; path = HipnosisUITests.swift; sourceTree = "<group>"; };
		41D5838523FF659500F50072 /* Info.plist */ = {isa = PBXFileReference; lastKnownFileType = text.plist.xml; path = Info.plist; sourceTree = "<group>"; };
		41D5839123FF661A00F50072 /* HipnosisView.swift */ = {isa = PBXFileReference; lastKnownFileType = sourcecode.swift; path = HipnosisView.swift; sourceTree = "<group>"; };
/* End PBXFileReference section */

/* Begin PBXFrameworksBuildPhase section */
		41D5835B23FF659400F50072 /* Frameworks */ = {
			isa = PBXFrameworksBuildPhase;
			buildActionMask = 2147483647;
			files = (
			);
			runOnlyForDeploymentPostprocessing = 0;
		};
		41D5837123FF659500F50072 /* Frameworks */ = {
			isa = PBXFrameworksBuildPhase;
			buildActionMask = 2147483647;
			files = (
			);
			runOnlyForDeploymentPostprocessing = 0;
		};
		41D5837C23FF659500F50072 /* Frameworks */ = {
			isa = PBXFrameworksBuildPhase;
			buildActionMask = 2147483647;
			files = (
			);
			runOnlyForDeploymentPostprocessing = 0;
		};
/* End PBXFrameworksBuildPhase section */

/* Begin PBXGroup section */
		41D5835523FF659400F50072 = {
			isa = PBXGroup;
			children = (
				41D5836023FF659400F50072 /* Hipnosis */,
				41D5837723FF659500F50072 /* HipnosisTests */,
				41D5838223FF659500F50072 /* HipnosisUITests */,
				41D5835F23FF659400F50072 /* Products */,
			);
			sourceTree = "<group>";
		};
		41D5835F23FF659400F50072 /* Products */ = {
			isa = PBXGroup;
			children = (
				41D5835E23FF659400F50072 /* Hipnosis.app */,
				41D5837423FF659500F50072 /* HipnosisTests.xctest */,
				41D5837F23FF659500F50072 /* HipnosisUITests.xctest */,
			);
			name = Products;
			sourceTree = "<group>";
		};
		41D5836023FF659400F50072 /* Hipnosis */ = {
			isa = PBXGroup;
			children = (
				41D5836123FF659400F50072 /* AppDelegate.swift */,
				41D5836323FF659400F50072 /* SceneDelegate.swift */,
				41D5836523FF659400F50072 /* ViewController.swift */,
				41D5836723FF659400F50072 /* Main.storyboard */,
				41D5839123FF661A00F50072 /* HipnosisView.swift */,
				41D5836A23FF659500F50072 /* Assets.xcassets */,
				41D5836C23FF659500F50072 /* LaunchScreen.storyboard */,
				41D5836F23FF659500F50072 /* Info.plist */,
			);
			path = Hipnosis;
			sourceTree = "<group>";
		};
		41D5837723FF659500F50072 /* HipnosisTests */ = {
			isa = PBXGroup;
			children = (
				41D5837823FF659500F50072 /* HipnosisTests.swift */,
				41D5837A23FF659500F50072 /* Info.plist */,
			);
			path = HipnosisTests;
			sourceTree = "<group>";
		};
		41D5838223FF659500F50072 /* HipnosisUITests */ = {
			isa = PBXGroup;
			children = (
				41D5838323FF659500F50072 /* HipnosisUITests.swift */,
				41D5838523FF659500F50072 /* Info.plist */,
			);
			path = HipnosisUITests;
			sourceTree = "<group>";
		};
/* End PBXGroup section */

/* Begin PBXNativeTarget section */
		41D5835D23FF659400F50072 /* Hipnosis */ = {
			isa = PBXNativeTarget;
			buildConfigurationList = 41D5838823FF659500F50072 /* Build configuration list for PBXNativeTarget "Hipnosis" */;
			buildPhases = (
				41D5835A23FF659400F50072 /* Sources */,
				41D5835B23FF659400F50072 /* Frameworks */,
				41D5835C23FF659400F50072 /* Resources */,
			);
			buildRules = (
			);
			dependencies = (
			);
			name = Hipnosis;
			productName = Hipnosis;
			productReference = 41D5835E23FF659400F50072 /* Hipnosis.app */;
			productType = "com.apple.product-type.application";
		};
		41D5837323FF659500F50072 /* HipnosisTests */ = {
			isa = PBXNativeTarget;
			buildConfigurationList = 41D5838B23FF659500F50072 /* Build configuration list for PBXNativeTarget "HipnosisTests" */;
			buildPhases = (
				41D5837023FF659500F50072 /* Sources */,
				41D5837123FF659500F50072 /* Frameworks */,
				41D5837223FF659500F50072 /* Resources */,
			);
			buildRules = (
			);
			dependencies = (
				41D5837623FF659500F50072 /* PBXTargetDependency */,
			);
			name = HipnosisTests;
			productName = HipnosisTests;
			productReference = 41D5837423FF659500F50072 /* HipnosisTests.xctest */;
			productType = "com.apple.product-type.bundle.unit-test";
		};
		41D5837E23FF659500F50072 /* HipnosisUITests */ = {
			isa = PBXNativeTarget;
			buildConfigurationList = 41D5838E23FF659500F50072 /* Build configuration list for PBXNativeTarget "HipnosisUITests" */;
			buildPhases = (
				41D5837B23FF659500F50072 /* Sources */,
				41D5837C23FF659500F50072 /* Frameworks */,
				41D5837D23FF659500F50072 /* Resources */,
			);
			buildRules = (
			);
			dependencies = (
				41D5838123FF659500F50072 /* PBXTargetDependency */,
			);
			name = HipnosisUITests;
			productName = HipnosisUITests;
			productReference = 41D5837F23FF659500F50072 /* HipnosisUITests.xctest */;
			productType = "com.apple.product-type.bundle.ui-testing";
		};
/* End PBXNativeTarget section */

/* Begin PBXProject section */
		41D5835623FF659400F50072 /* Project object */ = {
			isa = PBXProject;
			attributes = {
				LastSwiftUpdateCheck = 1130;
				LastUpgradeCheck = 1130;
				ORGANIZATIONNAME = molascoaga;
				TargetAttributes = {
					41D5835D23FF659400F50072 = {
						CreatedOnToolsVersion = 11.3.1;
					};
					41D5837323FF659500F50072 = {
						CreatedOnToolsVersion = 11.3.1;
						TestTargetID = 41D5835D23FF659400F50072;
					};
					41D5837E23FF659500F50072 = {
						CreatedOnToolsVersion = 11.3.1;
						TestTargetID = 41D5835D23FF659400F50072;
					};
				};
			};
			buildConfigurationList = 41D5835923FF659400F50072 /* Build configuration list for PBXProject "Hipnosis" */;
			compatibilityVersion = "Xcode 9.3";
			developmentRegion = en;
			hasScannedForEncodings = 0;
			knownRegions = (
				en,
				Base,
			);
			mainGroup = 41D5835523FF659400F50072;
			productRefGroup = 41D5835F23FF659400F50072 /* Products */;
			projectDirPath = "";
			projectRoot = "";
			targets = (
				41D5835D23FF659400F50072 /* Hipnosis */,
				41D5837323FF659500F50072 /* HipnosisTests */,
				41D5837E23FF659500F50072 /* HipnosisUITests */,
			);
		};
/* End PBXProject section */

/* Begin PBXResourcesBuildPhase section */
		41D5835C23FF659400F50072 /* Resources */ = {
			isa = PBXResourcesBuildPhase;
			buildActionMask = 2147483647;
			files = (
				41D5836E23FF659500F50072 /* LaunchScreen.storyboard in Resources */,
				41D5836B23FF659500F50072 /* Assets.xcassets in Resources */,
				41D5836923FF659400F50072 /* Main.storyboard in Resources */,
			);
			runOnlyForDeploymentPostprocessing = 0;
		};
		41D5837223FF659500F50072 /* Resources */ = {
			isa = PBXResourcesBuildPhase;
			buildActionMask = 2147483647;
			files = (
			);
			runOnlyForDeploymentPostprocessing = 0;
		};
		41D5837D23FF659500F50072 /* Resources */ = {
			isa = PBXResourcesBuildPhase;
			buildActionMask = 2147483647;
			files = (
			);
			runOnlyForDeploymentPostprocessing = 0;
		};
/* End PBXResourcesBuildPhase section */

/* Begin PBXSourcesBuildPhase section */
		41D5835A23FF659400F50072 /* Sources */ = {
			isa = PBXSourcesBuildPhase;
			buildActionMask = 2147483647;
			files = (
				41D5836623FF659400F50072 /* ViewController.swift in Sources */,
				41D5839223FF661A00F50072 /* HipnosisView.swift in Sources */,
				41D5836223FF659400F50072 /* AppDelegate.swift in Sources */,
				41D5836423FF659400F50072 /* SceneDelegate.swift in Sources */,
			);
			runOnlyForDeploymentPostprocessing = 0;
		};
		41D5837023FF659500F50072 /* Sources */ = {
			isa = PBXSourcesBuildPhase;
			buildActionMask = 2147483647;
			files = (
				41D5837923FF659500F50072 /* HipnosisTests.swift in Sources */,
			);
			runOnlyForDeploymentPostprocessing = 0;
		};
		41D5837B23FF659500F50072 /* Sources */ = {
			isa = PBXSourcesBuildPhase;
			buildActionMask = 2147483647;
			files = (
				41D5838423FF659500F50072 /* HipnosisUITests.swift in Sources */,
			);
			runOnlyForDeploymentPostprocessing = 0;
		};
/* End PBXSourcesBuildPhase section */

/* Begin PBXTargetDependency section */
		41D5837623FF659500F50072 /* PBXTargetDependency */ = {
			isa = PBXTargetDependency;
			target = 41D5835D23FF659400F50072 /* Hipnosis */;
			targetProxy = 41D5837523FF659500F50072 /* PBXContainerItemProxy */;
		};
		41D5838123FF659500F50072 /* PBXTargetDependency */ = {
			isa = PBXTargetDependency;
			target = 41D5835D23FF659400F50072 /* Hipnosis */;
			targetProxy = 41D5838023FF659500F50072 /* PBXContainerItemProxy */;
		};
/* End PBXTargetDependency section */

/* Begin PBXVariantGroup section */
		41D5836723FF659400F50072 /* Main.storyboard */ = {
			isa = PBXVariantGroup;
			children = (
				41D5836823FF659400F50072 /* Base */,
			);
			name = Main.storyboard;
			sourceTree = "<group>";
		};
		41D5836C23FF659500F50072 /* LaunchScreen.storyboard */ = {
			isa = PBXVariantGroup;
			children = (
				41D5836D23FF659500F50072 /* Base */,
			);
			name = LaunchScreen.storyboard;
			sourceTree = "<group>";
		};
/* End PBXVariantGroup section */

/* Begin XCBuildConfiguration section */
		41D5838623FF659500F50072 /* Debug */ = {
			isa = XCBuildConfiguration;
			buildSettings = {
				ALWAYS_SEARCH_USER_PATHS = NO;
				CLANG_ANALYZER_NONNULL = YES;
				CLANG_ANALYZER_NUMBER_OBJECT_CONVERSION = YES_AGGRESSIVE;
				CLANG_CXX_LANGUAGE_STANDARD = "gnu++14";
				CLANG_CXX_LIBRARY = "libc++";
				CLANG_ENABLE_MODULES = YES;
				CLANG_ENABLE_OBJC_ARC = YES;
				CLANG_ENABLE_OBJC_WEAK = YES;
				CLANG_WARN_BLOCK_CAPTURE_AUTORELEASING = YES;
				CLANG_WARN_BOOL_CONVERSION = YES;
				CLANG_WARN_COMMA = YES;
				CLANG_WARN_CONSTANT_CONVERSION = YES;
				CLANG_WARN_DEPRECATED_OBJC_IMPLEMENTATIONS = YES;
				CLANG_WARN_DIRECT_OBJC_ISA_USAGE = YES_ERROR;
				CLANG_WARN_DOCUMENTATION_COMMENTS = YES;
				CLANG_WARN_EMPTY_BODY = YES;
				CLANG_WARN_ENUM_CONVERSION = YES;
				CLANG_WARN_INFINITE_RECURSION = YES;
				CLANG_WARN_INT_CONVERSION = YES;
				CLANG_WARN_NON_LITERAL_NULL_CONVERSION = YES;
				CLANG_WARN_OBJC_IMPLICIT_RETAIN_SELF = YES;
				CLANG_WARN_OBJC_LITERAL_CONVERSION = YES;
				CLANG_WARN_OBJC_ROOT_CLASS = YES_ERROR;
				CLANG_WARN_RANGE_LOOP_ANALYSIS = YES;
				CLANG_WARN_STRICT_PROTOTYPES = YES;
				CLANG_WARN_SUSPICIOUS_MOVE = YES;
				CLANG_WARN_UNGUARDED_AVAILABILITY = YES_AGGRESSIVE;
				CLANG_WARN_UNREACHABLE_CODE = YES;
				CLANG_WARN__DUPLICATE_METHOD_MATCH = YES;
				COPY_PHASE_STRIP = NO;
				DEBUG_INFORMATION_FORMAT = dwarf;
				ENABLE_STRICT_OBJC_MSGSEND = YES;
				ENABLE_TESTABILITY = YES;
				GCC_C_LANGUAGE_STANDARD = gnu11;
				GCC_DYNAMIC_NO_PIC = NO;
				GCC_NO_COMMON_BLOCKS = YES;
				GCC_OPTIMIZATION_LEVEL = 0;
				GCC_PREPROCESSOR_DEFINITIONS = (
					"DEBUG=1",
					"$(inherited)",
				);
				GCC_WARN_64_TO_32_BIT_CONVERSION = YES;
				GCC_WARN_ABOUT_RETURN_TYPE = YES_ERROR;
				GCC_WARN_UNDECLARED_SELECTOR = YES;
				GCC_WARN_UNINITIALIZED_AUTOS = YES_AGGRESSIVE;
				GCC_WARN_UNUSED_FUNCTION = YES;
				GCC_WARN_UNUSED_VARIABLE = YES;
				IPHONEOS_DEPLOYMENT_TARGET = 13.2;
				MTL_ENABLE_DEBUG_INFO = INCLUDE_SOURCE;
				MTL_FAST_MATH = YES;
				ONLY_ACTIVE_ARCH = YES;
				SDKROOT = iphoneos;
				SWIFT_ACTIVE_COMPILATION_CONDITIONS = DEBUG;
				SWIFT_OPTIMIZATION_LEVEL = "-Onone";
			};
			name = Debug;
		};
		41D5838723FF659500F50072 /* Release */ = {
			isa = XCBuildConfiguration;
			buildSettings = {
				ALWAYS_SEARCH_USER_PATHS = NO;
				CLANG_ANALYZER_NONNULL = YES;
				CLANG_ANALYZER_NUMBER_OBJECT_CONVERSION = YES_AGGRESSIVE;
				CLANG_CXX_LANGUAGE_STANDARD = "gnu++14";
				CLANG_CXX_LIBRARY = "libc++";
				CLANG_ENABLE_MODULES = YES;
				CLANG_ENABLE_OBJC_ARC = YES;
				CLANG_ENABLE_OBJC_WEAK = YES;
				CLANG_WARN_BLOCK_CAPTURE_AUTORELEASING = YES;
				CLANG_WARN_BOOL_CONVERSION = YES;
				CLANG_WARN_COMMA = YES;
				CLANG_WARN_CONSTANT_CONVERSION = YES;
				CLANG_WARN_DEPRECATED_OBJC_IMPLEMENTATIONS = YES;
				CLANG_WARN_DIRECT_OBJC_ISA_USAGE = YES_ERROR;
				CLANG_WARN_DOCUMENTATION_COMMENTS = YES;
				CLANG_WARN_EMPTY_BODY = YES;
				CLANG_WARN_ENUM_CONVERSION = YES;
				CLANG_WARN_INFINITE_RECURSION = YES;
				CLANG_WARN_INT_CONVERSION = YES;
				CLANG_WARN_NON_LITERAL_NULL_CONVERSION = YES;
				CLANG_WARN_OBJC_IMPLICIT_RETAIN_SELF = YES;
				CLANG_WARN_OBJC_LITERAL_CONVERSION = YES;
				CLANG_WARN_OBJC_ROOT_CLASS = YES_ERROR;
				CLANG_WARN_RANGE_LOOP_ANALYSIS = YES;
				CLANG_WARN_STRICT_PROTOTYPES = YES;
				CLANG_WARN_SUSPICIOUS_MOVE = YES;
				CLANG_WARN_UNGUARDED_AVAILABILITY = YES_AGGRESSIVE;
				CLANG_WARN_UNREACHABLE_CODE = YES;
				CLANG_WARN__DUPLICATE_METHOD_MATCH = YES;
				COPY_PHASE_STRIP = NO;
				DEBUG_INFORMATION_FORMAT = "dwarf-with-dsym";
				ENABLE_NS_ASSERTIONS = NO;
				ENABLE_STRICT_OBJC_MSGSEND = YES;
				GCC_C_LANGUAGE_STANDARD = gnu11;
				GCC_NO_COMMON_BLOCKS = YES;
				GCC_WARN_64_TO_32_BIT_CONVERSION = YES;
				GCC_WARN_ABOUT_RETURN_TYPE = YES_ERROR;
				GCC_WARN_UNDECLARED_SELECTOR = YES;
				GCC_WARN_UNINITIALIZED_AUTOS = YES_AGGRESSIVE;
				GCC_WARN_UNUSED_FUNCTION = YES;
				GCC_WARN_UNUSED_VARIABLE = YES;
				IPHONEOS_DEPLOYMENT_TARGET = 13.2;
				MTL_ENABLE_DEBUG_INFO = NO;
				MTL_FAST_MATH = YES;
				SDKROOT = iphoneos;
				SWIFT_COMPILATION_MODE = wholemodule;
				SWIFT_OPTIMIZATION_LEVEL = "-O";
				VALIDATE_PRODUCT = YES;
			};
			name = Release;
		};
		41D5838923FF659500F50072 /* Debug */ = {
			isa = XCBuildConfiguration;
			buildSettings = {
				ASSETCATALOG_COMPILER_APPICON_NAME = AppIcon;
				CODE_SIGN_STYLE = Automatic;
				DEVELOPMENT_TEAM = MZ7MRKHAVU;
				INFOPLIST_FILE = Hipnosis/Info.plist;
				LD_RUNPATH_SEARCH_PATHS = (
					"$(inherited)",
					"@executable_path/Frameworks",
				);
				PRODUCT_BUNDLE_IDENTIFIER = mau.Hipnosis;
				PRODUCT_NAME = "$(TARGET_NAME)";
				SWIFT_VERSION = 5.0;
				TARGETED_DEVICE_FAMILY = "1,2";
			};
			name = Debug;
		};
		41D5838A23FF659500F50072 /* Release */ = {
			isa = XCBuildConfiguration;
			buildSettings = {
				ASSETCATALOG_COMPILER_APPICON_NAME = AppIcon;
				CODE_SIGN_STYLE = Automatic;
				DEVELOPMENT_TEAM = MZ7MRKHAVU;
				INFOPLIST_FILE = Hipnosis/Info.plist;
				LD_RUNPATH_SEARCH_PATHS = (
					"$(inherited)",
					"@executable_path/Frameworks",
				);
				PRODUCT_BUNDLE_IDENTIFIER = mau.Hipnosis;
				PRODUCT_NAME = "$(TARGET_NAME)";
				SWIFT_VERSION = 5.0;
				TARGETED_DEVICE_FAMILY = "1,2";
			};
			name = Release;
		};
		41D5838C23FF659500F50072 /* Debug */ = {
			isa = XCBuildConfiguration;
			buildSettings = {
				ALWAYS_EMBED_SWIFT_STANDARD_LIBRARIES = YES;
				BUNDLE_LOADER = "$(TEST_HOST)";
				CODE_SIGN_STYLE = Automatic;
				DEVELOPMENT_TEAM = MZ7MRKHAVU;
				INFOPLIST_FILE = HipnosisTests/Info.plist;
				IPHONEOS_DEPLOYMENT_TARGET = 13.2;
				LD_RUNPATH_SEARCH_PATHS = (
					"$(inherited)",
					"@executable_path/Frameworks",
					"@loader_path/Frameworks",
				);
				PRODUCT_BUNDLE_IDENTIFIER = mau.HipnosisTests;
				PRODUCT_NAME = "$(TARGET_NAME)";
				SWIFT_VERSION = 5.0;
				TARGETED_DEVICE_FAMILY = "1,2";
				TEST_HOST = "$(BUILT_PRODUCTS_DIR)/Hipnosis.app/Hipnosis";
			};
			name = Debug;
		};
		41D5838D23FF659500F50072 /* Release */ = {
			isa = XCBuildConfiguration;
			buildSettings = {
				ALWAYS_EMBED_SWIFT_STANDARD_LIBRARIES = YES;
				BUNDLE_LOADER = "$(TEST_HOST)";
				CODE_SIGN_STYLE = Automatic;
				DEVELOPMENT_TEAM = MZ7MRKHAVU;
				INFOPLIST_FILE = HipnosisTests/Info.plist;
				IPHONEOS_DEPLOYMENT_TARGET = 13.2;
				LD_RUNPATH_SEARCH_PATHS = (
					"$(inherited)",
					"@executable_path/Frameworks",
					"@loader_path/Frameworks",
				);
				PRODUCT_BUNDLE_IDENTIFIER = mau.HipnosisTests;
				PRODUCT_NAME = "$(TARGET_NAME)";
				SWIFT_VERSION = 5.0;
				TARGETED_DEVICE_FAMILY = "1,2";
				TEST_HOST = "$(BUILT_PRODUCTS_DIR)/Hipnosis.app/Hipnosis";
			};
			name = Release;
		};
		41D5838F23FF659500F50072 /* Debug */ = {
			isa = XCBuildConfiguration;
			buildSettings = {
				ALWAYS_EMBED_SWIFT_STANDARD_LIBRARIES = YES;
				CODE_SIGN_STYLE = Automatic;
				DEVELOPMENT_TEAM = MZ7MRKHAVU;
				INFOPLIST_FILE = HipnosisUITests/Info.plist;
				LD_RUNPATH_SEARCH_PATHS = (
					"$(inherited)",
					"@executable_path/Frameworks",
					"@loader_path/Frameworks",
				);
				PRODUCT_BUNDLE_IDENTIFIER = mau.HipnosisUITests;
				PRODUCT_NAME = "$(TARGET_NAME)";
				SWIFT_VERSION = 5.0;
				TARGETED_DEVICE_FAMILY = "1,2";
				TEST_TARGET_NAME = Hipnosis;
			};
			name = Debug;
		};
		41D5839023FF659500F50072 /* Release */ = {
			isa = XCBuildConfiguration;
			buildSettings = {
				ALWAYS_EMBED_SWIFT_STANDARD_LIBRARIES = YES;
				CODE_SIGN_STYLE = Automatic;
				DEVELOPMENT_TEAM = MZ7MRKHAVU;
				INFOPLIST_FILE = HipnosisUITests/Info.plist;
				LD_RUNPATH_SEARCH_PATHS = (
					"$(inherited)",
					"@executable_path/Frameworks",
					"@loader_path/Frameworks",
				);
				PRODUCT_BUNDLE_IDENTIFIER = mau.HipnosisUITests;
				PRODUCT_NAME = "$(TARGET_NAME)";
				SWIFT_VERSION = 5.0;
				TARGETED_DEVICE_FAMILY = "1,2";
				TEST_TARGET_NAME = Hipnosis;
			};
			name = Release;
		};
/* End XCBuildConfiguration section */

/* Begin XCConfigurationList section */
		41D5835923FF659400F50072 /* Build configuration list for PBXProject "Hipnosis" */ = {
			isa = XCConfigurationList;
			buildConfigurations = (
				41D5838623FF659500F50072 /* Debug */,
				41D5838723FF659500F50072 /* Release */,
			);
			defaultConfigurationIsVisible = 0;
			defaultConfigurationName = Release;
		};
		41D5838823FF659500F50072 /* Build configuration list for PBXNativeTarget "Hipnosis" */ = {
			isa = XCConfigurationList;
			buildConfigurations = (
				41D5838923FF659500F50072 /* Debug */,
				41D5838A23FF659500F50072 /* Release */,
			);
			defaultConfigurationIsVisible = 0;
			defaultConfigurationName = Release;
		};
		41D5838B23FF659500F50072 /* Build configuration list for PBXNativeTarget "HipnosisTests" */ = {
			isa = XCConfigurationList;
			buildConfigurations = (
				41D5838C23FF659500F50072 /* Debug */,
				41D5838D23FF659500F50072 /* Release */,
			);
			defaultConfigurationIsVisible = 0;
			defaultConfigurationName = Release;
		};
		41D5838E23FF659500F50072 /* Build configuration list for PBXNativeTarget "HipnosisUITests" */ = {
			isa = XCConfigurationList;
			buildConfigurations = (
				41D5838F23FF659500F50072 /* Debug */,
				41D5839023FF659500F50072 /* Release */,
			);
			defaultConfigurationIsVisible = 0;
			defaultConfigurationName = Release;
		};
/* End XCConfigurationList section */
	};
	rootObject = 41D5835623FF659400F50072 /* Project object */;
}
