// !$*UTF8*$!
{
	archiveVersion = 1;
	classes = {
	};
	objectVersion = 50;
	objects = {

/* Begin PBXBuildFile section */
		CF279A4223FE047B00474C1F /* diccionarios.swift in Sources */ = {isa = PBXBuildFile; fileRef = CF279A4123FE047B00474C1F /* diccionarios.swift */; };
		CF279A7523FE15E700474C1F /* EntradaYSalida.swift in Sources */ = {isa = PBXBuildFile; fileRef = CF279A7423FE15E700474C1F /* EntradaYSalida.swift */; };
		CF279A7B23FE201600474C1F /* Menu.swift in Sources */ = {isa = PBXBuildFile; fileRef = CF279A7A23FE201600474C1F /* Menu.swift */; };
		CF279A7F23FE252500474C1F /* Info.swift in Sources */ = {isa = PBXBuildFile; fileRef = CF279A7E23FE252500474C1F /* Info.swift */; };
		CF30167A23FF3E9E00681BE6 /* PersonaFisica.swift in Sources */ = {isa = PBXBuildFile; fileRef = CF30167923FF3E9E00681BE6 /* PersonaFisica.swift */; };
		CF30167C23FF3EA300681BE6 /* PersonaMoral.swift in Sources */ = {isa = PBXBuildFile; fileRef = CF30167B23FF3EA300681BE6 /* PersonaMoral.swift */; };
		CFE7B7B423FB667400048628 /* main.swift in Sources */ = {isa = PBXBuildFile; fileRef = CFE7B7B323FB667400048628 /* main.swift */; };
/* End PBXBuildFile section */

/* Begin PBXCopyFilesBuildPhase section */
		CFE7B7AE23FB667400048628 /* CopyFiles */ = {
			isa = PBXCopyFilesBuildPhase;
			buildActionMask = 2147483647;
			dstPath = /usr/share/man/man1/;
			dstSubfolderSpec = 0;
			files = (
			);
			runOnlyForDeploymentPostprocessing = 1;
		};
/* End PBXCopyFilesBuildPhase section */

/* Begin PBXFileReference section */
		CF279A4123FE047B00474C1F /* diccionarios.swift */ = {isa = PBXFileReference; fileEncoding = 4; lastKnownFileType = sourcecode.swift; path = diccionarios.swift; sourceTree = "<group>"; };
		CF279A7423FE15E700474C1F /* EntradaYSalida.swift */ = {isa = PBXFileReference; lastKnownFileType = sourcecode.swift; path = EntradaYSalida.swift; sourceTree = "<group>"; };
		CF279A7A23FE201600474C1F /* Menu.swift */ = {isa = PBXFileReference; lastKnownFileType = sourcecode.swift; path = Menu.swift; sourceTree = "<group>"; };
		CF279A7E23FE252500474C1F /* Info.swift */ = {isa = PBXFileReference; lastKnownFileType = sourcecode.swift; path = Info.swift; sourceTree = "<group>"; };
		CF30167923FF3E9E00681BE6 /* PersonaFisica.swift */ = {isa = PBXFileReference; fileEncoding = 4; lastKnownFileType = sourcecode.swift; path = PersonaFisica.swift; sourceTree = "<group>"; };
		CF30167B23FF3EA300681BE6 /* PersonaMoral.swift */ = {isa = PBXFileReference; fileEncoding = 4; lastKnownFileType = sourcecode.swift; path = PersonaMoral.swift; sourceTree = "<group>"; };
		CFE7B7B023FB667400048628 /* segunda_parte */ = {isa = PBXFileReference; explicitFileType = sourcecode.swift; includeInIndex = 0; path = segunda_parte; sourceTree = BUILT_PRODUCTS_DIR; };
		CFE7B7B323FB667400048628 /* main.swift */ = {isa = PBXFileReference; lastKnownFileType = sourcecode.swift; path = main.swift; sourceTree = "<group>"; };
/* End PBXFileReference section */

/* Begin PBXFrameworksBuildPhase section */
		CFE7B7AD23FB667400048628 /* Frameworks */ = {
			isa = PBXFrameworksBuildPhase;
			buildActionMask = 2147483647;
			files = (
			);
			runOnlyForDeploymentPostprocessing = 0;
		};
/* End PBXFrameworksBuildPhase section */

/* Begin PBXGroup section */
		CFE7B7A723FB667400048628 = {
			isa = PBXGroup;
			children = (
				CFE7B7B223FB667400048628 /* segunda_parte */,
				CFE7B7B123FB667400048628 /* Products */,
			);
			sourceTree = "<group>";
		};
		CFE7B7B123FB667400048628 /* Products */ = {
			isa = PBXGroup;
			children = (
				CFE7B7B023FB667400048628 /* segunda_parte */,
			);
			name = Products;
			sourceTree = "<group>";
		};
		CFE7B7B223FB667400048628 /* segunda_parte */ = {
			isa = PBXGroup;
			children = (
				CF279A4123FE047B00474C1F /* diccionarios.swift */,
				CF30167B23FF3EA300681BE6 /* PersonaMoral.swift */,
				CF30167923FF3E9E00681BE6 /* PersonaFisica.swift */,
				CF279A7A23FE201600474C1F /* Menu.swift */,
				CF279A7423FE15E700474C1F /* EntradaYSalida.swift */,
				CFE7B7B323FB667400048628 /* main.swift */,
				CF279A7E23FE252500474C1F /* Info.swift */,
			);
			path = segunda_parte;
			sourceTree = "<group>";
		};
/* End PBXGroup section */

/* Begin PBXNativeTarget section */
		CFE7B7AF23FB667400048628 /* segunda_parte */ = {
			isa = PBXNativeTarget;
			buildConfigurationList = CFE7B7B723FB667400048628 /* Build configuration list for PBXNativeTarget "segunda_parte" */;
			buildPhases = (
				CFE7B7AC23FB667400048628 /* Sources */,
				CFE7B7AD23FB667400048628 /* Frameworks */,
				CFE7B7AE23FB667400048628 /* CopyFiles */,
			);
			buildRules = (
			);
			dependencies = (
			);
			name = segunda_parte;
			productName = segunda_parte;
			productReference = CFE7B7B023FB667400048628 /* segunda_parte */;
			productType = "com.apple.product-type.tool";
		};
/* End PBXNativeTarget section */

/* Begin PBXProject section */
		CFE7B7A823FB667400048628 /* Project object */ = {
			isa = PBXProject;
			attributes = {
				LastSwiftUpdateCheck = 1130;
				LastUpgradeCheck = 1130;
				ORGANIZATIONNAME = jpaniagua;
				TargetAttributes = {
					CFE7B7AF23FB667400048628 = {
						CreatedOnToolsVersion = 11.3.1;
					};
				};
			};
			buildConfigurationList = CFE7B7AB23FB667400048628 /* Build configuration list for PBXProject "segunda_parte" */;
			compatibilityVersion = "Xcode 9.3";
			developmentRegion = en;
			hasScannedForEncodings = 0;
			knownRegions = (
				en,
				Base,
			);
			mainGroup = CFE7B7A723FB667400048628;
			productRefGroup = CFE7B7B123FB667400048628 /* Products */;
			projectDirPath = "";
			projectRoot = "";
			targets = (
				CFE7B7AF23FB667400048628 /* segunda_parte */,
			);
		};
/* End PBXProject section */

/* Begin PBXSourcesBuildPhase section */
		CFE7B7AC23FB667400048628 /* Sources */ = {
			isa = PBXSourcesBuildPhase;
			buildActionMask = 2147483647;
			files = (
				CF30167C23FF3EA300681BE6 /* PersonaMoral.swift in Sources */,
				CF279A7F23FE252500474C1F /* Info.swift in Sources */,
				CF279A7B23FE201600474C1F /* Menu.swift in Sources */,
				CF279A4223FE047B00474C1F /* diccionarios.swift in Sources */,
				CF279A7523FE15E700474C1F /* EntradaYSalida.swift in Sources */,
				CFE7B7B423FB667400048628 /* main.swift in Sources */,
				CF30167A23FF3E9E00681BE6 /* PersonaFisica.swift in Sources */,
			);
			runOnlyForDeploymentPostprocessing = 0;
		};
/* End PBXSourcesBuildPhase section */

/* Begin XCBuildConfiguration section */
		CFE7B7B523FB667400048628 /* Debug */ = {
			isa = XCBuildConfiguration;
			buildSettings = {
				ALWAYS_SEARCH_USER_PATHS = NO;
				CLANG_ANALYZER_NONNULL = YES;
				CLANG_ANALYZER_NUMBER_OBJECT_CONVERSION = YES_AGGRESSIVE;
				CLANG_CXX_LANGUAGE_STANDARD = "gnu++14";
				CLANG_CXX_LIBRARY = "libc++";
				CLANG_ENABLE_MODULES = YES;
				CLANG_ENABLE_OBJC_ARC = YES;
				CLANG_ENABLE_OBJC_WEAK = YES;
				CLANG_WARN_BLOCK_CAPTURE_AUTORELEASING = YES;
				CLANG_WARN_BOOL_CONVERSION = YES;
				CLANG_WARN_COMMA = YES;
				CLANG_WARN_CONSTANT_CONVERSION = YES;
				CLANG_WARN_DEPRECATED_OBJC_IMPLEMENTATIONS = YES;
				CLANG_WARN_DIRECT_OBJC_ISA_USAGE = YES_ERROR;
				CLANG_WARN_DOCUMENTATION_COMMENTS = YES;
				CLANG_WARN_EMPTY_BODY = YES;
				CLANG_WARN_ENUM_CONVERSION = YES;
				CLANG_WARN_INFINITE_RECURSION = YES;
				CLANG_WARN_INT_CONVERSION = YES;
				CLANG_WARN_NON_LITERAL_NULL_CONVERSION = YES;
				CLANG_WARN_OBJC_IMPLICIT_RETAIN_SELF = YES;
				CLANG_WARN_OBJC_LITERAL_CONVERSION = YES;
				CLANG_WARN_OBJC_ROOT_CLASS = YES_ERROR;
				CLANG_WARN_RANGE_LOOP_ANALYSIS = YES;
				CLANG_WARN_STRICT_PROTOTYPES = YES;
				CLANG_WARN_SUSPICIOUS_MOVE = YES;
				CLANG_WARN_UNGUARDED_AVAILABILITY = YES_AGGRESSIVE;
				CLANG_WARN_UNREACHABLE_CODE = YES;
				CLANG_WARN__DUPLICATE_METHOD_MATCH = YES;
				COPY_PHASE_STRIP = NO;
				DEBUG_INFORMATION_FORMAT = dwarf;
				ENABLE_STRICT_OBJC_MSGSEND = YES;
				ENABLE_TESTABILITY = YES;
				GCC_C_LANGUAGE_STANDARD = gnu11;
				GCC_DYNAMIC_NO_PIC = NO;
				GCC_NO_COMMON_BLOCKS = YES;
				GCC_OPTIMIZATION_LEVEL = 0;
				GCC_PREPROCESSOR_DEFINITIONS = (
					"DEBUG=1",
					"$(inherited)",
				);
				GCC_WARN_64_TO_32_BIT_CONVERSION = YES;
				GCC_WARN_ABOUT_RETURN_TYPE = YES_ERROR;
				GCC_WARN_UNDECLARED_SELECTOR = YES;
				GCC_WARN_UNINITIALIZED_AUTOS = YES_AGGRESSIVE;
				GCC_WARN_UNUSED_FUNCTION = YES;
				GCC_WARN_UNUSED_VARIABLE = YES;
				MACOSX_DEPLOYMENT_TARGET = 10.14;
				MTL_ENABLE_DEBUG_INFO = INCLUDE_SOURCE;
				MTL_FAST_MATH = YES;
				ONLY_ACTIVE_ARCH = YES;
				SDKROOT = macosx;
				SWIFT_ACTIVE_COMPILATION_CONDITIONS = DEBUG;
				SWIFT_OPTIMIZATION_LEVEL = "-Onone";
			};
			name = Debug;
		};
		CFE7B7B623FB667400048628 /* Release */ = {
			isa = XCBuildConfiguration;
			buildSettings = {
				ALWAYS_SEARCH_USER_PATHS = NO;
				CLANG_ANALYZER_NONNULL = YES;
				CLANG_ANALYZER_NUMBER_OBJECT_CONVERSION = YES_AGGRESSIVE;
				CLANG_CXX_LANGUAGE_STANDARD = "gnu++14";
				CLANG_CXX_LIBRARY = "libc++";
				CLANG_ENABLE_MODULES = YES;
				CLANG_ENABLE_OBJC_ARC = YES;
				CLANG_ENABLE_OBJC_WEAK = YES;
				CLANG_WARN_BLOCK_CAPTURE_AUTORELEASING = YES;
				CLANG_WARN_BOOL_CONVERSION = YES;
				CLANG_WARN_COMMA = YES;
				CLANG_WARN_CONSTANT_CONVERSION = YES;
				CLANG_WARN_DEPRECATED_OBJC_IMPLEMENTATIONS = YES;
				CLANG_WARN_DIRECT_OBJC_ISA_USAGE = YES_ERROR;
				CLANG_WARN_DOCUMENTATION_COMMENTS = YES;
				CLANG_WARN_EMPTY_BODY = YES;
				CLANG_WARN_ENUM_CONVERSION = YES;
				CLANG_WARN_INFINITE_RECURSION = YES;
				CLANG_WARN_INT_CONVERSION = YES;
				CLANG_WARN_NON_LITERAL_NULL_CONVERSION = YES;
				CLANG_WARN_OBJC_IMPLICIT_RETAIN_SELF = YES;
				CLANG_WARN_OBJC_LITERAL_CONVERSION = YES;
				CLANG_WARN_OBJC_ROOT_CLASS = YES_ERROR;
				CLANG_WARN_RANGE_LOOP_ANALYSIS = YES;
				CLANG_WARN_STRICT_PROTOTYPES = YES;
				CLANG_WARN_SUSPICIOUS_MOVE = YES;
				CLANG_WARN_UNGUARDED_AVAILABILITY = YES_AGGRESSIVE;
				CLANG_WARN_UNREACHABLE_CODE = YES;
				CLANG_WARN__DUPLICATE_METHOD_MATCH = YES;
				COPY_PHASE_STRIP = NO;
				DEBUG_INFORMATION_FORMAT = "dwarf-with-dsym";
				ENABLE_NS_ASSERTIONS = NO;
				ENABLE_STRICT_OBJC_MSGSEND = YES;
				GCC_C_LANGUAGE_STANDARD = gnu11;
				GCC_NO_COMMON_BLOCKS = YES;
				GCC_WARN_64_TO_32_BIT_CONVERSION = YES;
				GCC_WARN_ABOUT_RETURN_TYPE = YES_ERROR;
				GCC_WARN_UNDECLARED_SELECTOR = YES;
				GCC_WARN_UNINITIALIZED_AUTOS = YES_AGGRESSIVE;
				GCC_WARN_UNUSED_FUNCTION = YES;
				GCC_WARN_UNUSED_VARIABLE = YES;
				MACOSX_DEPLOYMENT_TARGET = 10.14;
				MTL_ENABLE_DEBUG_INFO = NO;
				MTL_FAST_MATH = YES;
				SDKROOT = macosx;
				SWIFT_COMPILATION_MODE = wholemodule;
				SWIFT_OPTIMIZATION_LEVEL = "-O";
			};
			name = Release;
		};
		CFE7B7B823FB667400048628 /* Debug */ = {
			isa = XCBuildConfiguration;
			buildSettings = {
				CODE_SIGN_STYLE = Automatic;
				DEVELOPMENT_TEAM = 98U3F2XU3X;
				ENABLE_HARDENED_RUNTIME = YES;
				PRODUCT_NAME = "$(TARGET_NAME)";
				SWIFT_VERSION = 5.0;
			};
			name = Debug;
		};
		CFE7B7B923FB667400048628 /* Release */ = {
			isa = XCBuildConfiguration;
			buildSettings = {
				CODE_SIGN_STYLE = Automatic;
				DEVELOPMENT_TEAM = 98U3F2XU3X;
				ENABLE_HARDENED_RUNTIME = YES;
				PRODUCT_NAME = "$(TARGET_NAME)";
				SWIFT_VERSION = 5.0;
			};
			name = Release;
		};
/* End XCBuildConfiguration section */

/* Begin XCConfigurationList section */
		CFE7B7AB23FB667400048628 /* Build configuration list for PBXProject "segunda_parte" */ = {
			isa = XCConfigurationList;
			buildConfigurations = (
				CFE7B7B523FB667400048628 /* Debug */,
				CFE7B7B623FB667400048628 /* Release */,
			);
			defaultConfigurationIsVisible = 0;
			defaultConfigurationName = Release;
		};
		CFE7B7B723FB667400048628 /* Build configuration list for PBXNativeTarget "segunda_parte" */ = {
			isa = XCConfigurationList;
			buildConfigurations = (
				CFE7B7B823FB667400048628 /* Debug */,
				CFE7B7B923FB667400048628 /* Release */,
			);
			defaultConfigurationIsVisible = 0;
			defaultConfigurationName = Release;
		};
/* End XCConfigurationList section */
	};
	rootObject = CFE7B7A823FB667400048628 /* Project object */;
}
